
Microsoft Visual Studio Solution File, Format Version 12.00
# Visual Studio 2012
Project("{FAE04EC0-301F-11D3-BF4B-00C04F79EFBC}") = "BatchPlotPdf", "BatchPlotPdf\BatchPlotPdf.csproj", "{0481C599-AEC3-4F6B-AC95-152B1FFA9DBD}"
EndProject
Global
	GlobalSection(SolutionConfigurationPlatforms) = preSolution
		Debug|Any CPU = Debug|Any CPU
		Release|Any CPU = Release|Any CPU
	EndGlobalSection
	GlobalSection(ProjectConfigurationPlatforms) = postSolution
		{0481C599-AEC3-4F6B-AC95-152B1FFA9DBD}.Debug|Any CPU.ActiveCfg = Debug|Any CPU
		{0481C599-AEC3-4F6B-AC95-152B1FFA9DBD}.Debug|Any CPU.Build.0 = Debug|Any CPU
		{0481C599-AEC3-4F6B-AC95-152B1FFA9DBD}.Release|Any CPU.ActiveCfg = Release|Any CPU
		{0481C599-AEC3-4F6B-AC95-152B1FFA9DBD}.Release|Any CPU.Build.0 = Release|Any CPU
	EndGlobalSection
	GlobalSection(SolutionProperties) = preSolution
		HideSolutionNode = FALSE
	EndGlobalSection
EndGlobal
